
Microsoft Visual Studio Solution File, Format Version 12.00
# Visual Studio Version 16
VisualStudioVersion = 16.0.31605.320
MinimumVisualStudioVersion = 10.0.40219.1
Project("{FAE04EC0-301F-11D3-BF4B-00C04F79EFBC}") = "budget", "budget\budget.csproj", "{B49A635F-8342-44AE-8ACF-62B4DD9EC9B5}"
EndProject
Global
	GlobalSection(SolutionConfigurationPlatforms) = preSolution
		Debug|Any CPU = Debug|Any CPU
		Release|Any CPU = Release|Any CPU
	EndGlobalSection
	GlobalSection(ProjectConfigurationPlatforms) = postSolution
		{B49A635F-8342-44AE-8ACF-62B4DD9EC9B5}.Debug|Any CPU.ActiveCfg = Debug|Any CPU
		{B49A635F-8342-44AE-8ACF-62B4DD9EC9B5}.Debug|Any CPU.Build.0 = Debug|Any CPU
		{B49A635F-8342-44AE-8ACF-62B4DD9EC9B5}.Release|Any CPU.ActiveCfg = Release|Any CPU
		{B49A635F-8342-44AE-8ACF-62B4DD9EC9B5}.Release|Any CPU.Build.0 = Release|Any CPU
	EndGlobalSection
	GlobalSection(SolutionProperties) = preSolution
		HideSolutionNode = FALSE
	EndGlobalSection
	GlobalSection(ExtensibilityGlobals) = postSolution
		SolutionGuid = {483C8C67-DE40-461B-8ED4-96741DB3E38A}
	EndGlobalSection
EndGlobal
